
Microsoft Visual Studio Solution File, Format Version 12.00
# Visual Studio Version 17
VisualStudioVersion = 17.2.32630.192
MinimumVisualStudioVersion = 10.0.40219.1
Project("{FAE04EC0-301F-11D3-BF4B-00C04F79EFBC}") = "CollageAPP_API", "CollageAPP_API\CollageAPP_API.csproj", "{C63CDC51-2A32-4CFE-86AD-7A27BC4C87CD}"
EndProject
Global
	GlobalSection(SolutionConfigurationPlatforms) = preSolution
		Debug|Any CPU = Debug|Any CPU
		Release|Any CPU = Release|Any CPU
	EndGlobalSection
	GlobalSection(ProjectConfigurationPlatforms) = postSolution
		{C63CDC51-2A32-4CFE-86AD-7A27BC4C87CD}.Debug|Any CPU.ActiveCfg = Debug|Any CPU
		{C63CDC51-2A32-4CFE-86AD-7A27BC4C87CD}.Debug|Any CPU.Build.0 = Debug|Any CPU
		{C63CDC51-2A32-4CFE-86AD-7A27BC4C87CD}.Release|Any CPU.ActiveCfg = Release|Any CPU
		{C63CDC51-2A32-4CFE-86AD-7A27BC4C87CD}.Release|Any CPU.Build.0 = Release|Any CPU
	EndGlobalSection
	GlobalSection(SolutionProperties) = preSolution
		HideSolutionNode = FALSE
	EndGlobalSection
	GlobalSection(ExtensibilityGlobals) = postSolution
		SolutionGuid = {D14C7729-ACCF-48FF-9F9D-C40D61DD815B}
	EndGlobalSection
EndGlobal
